version = 1
revision = 2
requires-python = ">=3.7"
resolution-markers = [
    "python_full_version >= '3.8'",
    "python_full_version < '3.8'",
]

[[package]]
name = "deepdiff"
version = "6.7.1"
source = { registry = "https://pypi.org/simple" }
resolution-markers = [
    "python_full_version < '3.8'",
]
dependencies = [
    { name = "ordered-set", marker = "python_full_version < '3.8'" },
]
sdist = { url = "https://files.pythonhosted.org/packages/52/11/d265eb046685fe97538e39f71d16d58a1197ddbd59873e06167bcfba8a89/deepdiff-6.7.1.tar.gz", hash = "sha256:b367e6fa6caac1c9f500adc79ada1b5b1242c50d5f716a1a4362030197847d30", size = 409107, upload-time = "2023-11-14T07:19:53.199Z" }
wheels = [
    { url = "https://files.pythonhosted.org/packages/5a/8f/a9d39ec15f40e8169cb134317824ee4618b864b2e4b91a9b310d3ef94729/deepdiff-6.7.1-py3-none-any.whl", hash = "sha256:58396bb7a863cbb4ed5193f548c56f18218060362311aa1dc36397b2f25108bd", size = 76554, upload-time = "2023-11-14T07:19:45.169Z" },
]

[[package]]
name = "deepdiff"
version = "8.4.2"
source = { registry = "https://pypi.org/simple" }
resolution-markers = [
    "python_full_version >= '3.8'",
]
dependencies = [
    { name = "orderly-set", marker = "python_full_version >= '3.8'" },
]
sdist = { url = "https://files.pythonhosted.org/packages/7f/2f/232a9f6d88a59526347cb483ec601d878ad41ab30ee4f2fba4aca1d5a10e/deepdiff-8.4.2.tar.gz", hash = "sha256:5c741c0867ebc7fcb83950ad5ed958369c17f424e14dee32a11c56073f4ee92a", size = 515380, upload-time = "2025-03-17T21:35:57.388Z" }
wheels = [
    { url = "https://files.pythonhosted.org/packages/0b/03/810d2e70a6944eddc826deb7b68879d8de109369040b25eeb58cdd64d94c/deepdiff-8.4.2-py3-none-any.whl", hash = "sha256:7e39e5b26f3747c54f9d0e8b9b29daab670c3100166b77cc0185d5793121b099", size = 87610, upload-time = "2025-03-17T21:35:54.953Z" },
]

[[package]]
name = "ordered-set"
version = "4.1.0"
source = { registry = "https://pypi.org/simple" }
sdist = { url = "https://files.pythonhosted.org/packages/4c/ca/bfac8bc689799bcca4157e0e0ced07e70ce125193fc2e166d2e685b7e2fe/ordered-set-4.1.0.tar.gz", hash = "sha256:694a8e44c87657c59292ede72891eb91d34131f6531463aab3009191c77364a8", size = 12826, upload-time = "2022-01-26T14:38:56.6Z" }
wheels = [
    { url = "https://files.pythonhosted.org/packages/33/55/af02708f230eb77084a299d7b08175cff006dea4f2721074b92cdb0296c0/ordered_set-4.1.0-py3-none-any.whl", hash = "sha256:046e1132c71fcf3330438a539928932caf51ddbc582496833e23de611de14562", size = 7634, upload-time = "2022-01-26T14:38:48.677Z" },
]

[[package]]
name = "orderly-set"
version = "5.4.1"
source = { registry = "https://pypi.org/simple" }
sdist = { url = "https://files.pythonhosted.org/packages/03/4a/38030da31c13dcd5a531490006e63a0954083fb115113be9393179738e25/orderly_set-5.4.1.tar.gz", hash = "sha256:a1fb5a4fdc5e234e9e8d8e5c1bbdbc4540f4dfe50d12bf17c8bc5dbf1c9c878d", size = 20943, upload-time = "2025-05-06T22:34:13.512Z" }
wheels = [
    { url = "https://files.pythonhosted.org/packages/12/bc/e0dfb4db9210d92b44e49d6e61ba5caefbd411958357fa9d7ff489eeb835/orderly_set-5.4.1-py3-none-any.whl", hash = "sha256:b5e21d21680bd9ef456885db800c5cb4f76a03879880c0175e1b077fb166fd83", size = 12339, upload-time = "2025-05-06T22:34:12.564Z" },
]

[[package]]
name = "rustdeepdiff"
version = "0.1.0"
source = { editable = "." }
dependencies = [
    { name = "deepdiff", version = "6.7.1", source = { registry = "https://pypi.org/simple" }, marker = "python_full_version < '3.8'" },
    { name = "deepdiff", version = "8.4.2", source = { registry = "https://pypi.org/simple" }, marker = "python_full_version >= '3.8'" },
]

[package.metadata]
requires-dist = [{ name = "deepdiff", specifier = ">=6.7.1" }]
